# This file was autogenerated by uv via the following command:
#    uv pip compile requirements.in --generate-hashes --universal --python-version 3.11 -o requirements.lock
colorama==0.4.6 ; sys_platform == 'win32' \
    --hash=sha256:08695f5cb7ed6e0531a20572697297273c47b8cae5a63ffc6d6ed5c201be6e44 \
    --hash=sha256:4f1d9991f5acc0ca119f9d443620b77f9d6b33703e51011c16baf57afb285fc6
    # via pytest
hypothesis==6.168.3 \
    --hash=sha256:01768a03a30dc54df7fe457c0b34016c84d598fa00d5965ededab93ba4eb3408 \
    --hash=sha256:0369f5df055f96e117ab12e5f249668ff144731ab5280bc7a205fdf81f990b89 \
    --hash=sha256:03b131043608f94a2578a2a896a1a72092acb7079815eef5b8513b08447e0e62 \
    --hash=sha256:0608c610fc002978fc5de0f471770d8817e9455cb8649a47983c9f8bccfc1897 \
    --hash=sha256:0bdfc53c041b61c854fa3761735736b991bc2bddafee45a361cfe4d43027c1ef \
    --hash=sha256:0df00cbe8133aa220308d11fa28e3add996cf5102a39b279c1d711015fd9114b \
    --hash=sha256:0e1d91530cefdb9e0b6467c203eb509c61a11d70480a37db59cb53a2f9913102 \
    --hash=sha256:101531b4ccf7fa12965a6b295d10b64c2f8a8fab61e1f9b18c55335d8fb02575 \
    --hash=sha256:140fe3cc7ba98a4ffeeb6492c318b43c326110a4d7b4f56bb759d5c264e2dc1c \
    --hash=sha256:1a8a4ffc6c6e6e577f2bfbcfebf7cffbb310283ba2532c729570a0a752cebaaa \
    --hash=sha256:1b230a850de63334c16654a34a2d547e0179d36b9071d4439b3e7237f6d077e7 \
    --hash=sha256:209dc54cdb1b4d6d7020ad8d09e44c49756361b7183adacea4d6f5705085b595 \
    --hash=sha256:26084ef31653108da9e5eb171278a1d930e90d8631604391f828219f5c1f6cb2 \
    --hash=sha256:26928956c54748e4dfa587333741ab750246123b93484955646ff316cca27eef \
    --hash=sha256:28d88fa174ecbd4ecbd7bb290f06d0db084a3971c3f511ae2830b65b5e25500f \
    --hash=sha256:29dc56e6dc6eeb0aeb08ac463f847279bde2336c4786faf7ee0af4b93cd031a7 \
    --hash=sha256:2b52ac363096232bebc2add117e9178d91f4248f4cdb919fd1026b5f86a4bb16 \
    --hash=sha256:320920b1e3dae8611eee8a03d063cf2187446f2a17c38cfb8a7fc1466f71eee2 \
    --hash=sha256:32d0699566aaa93f9e97a44705d7164386f1e91de78d277f53bada35e78bcc96 \
    --hash=sha256:35380baa981108a7f60c4eab71e46acd8d8f58440520346a1a6aba06dca7e074 \
    --hash=sha256:377438de53afb94347d9845b7d90db5905c6d2a8d612108e9938e0f80503bb90 \
    --hash=sha256:3bc85014577982ec6d2e266edc5cd6e7a7d3674c648791ca983c67a52f89a0c4 \
    --hash=sha256:3cf6f1eeaf41cd8d60cf1f88fde905ca1dd77c906929a507d6ac7f66f2ccba2a \
    --hash=sha256:3ef7d26f5789e691401d5f87eafed9bd2763f0dbe47af6d6b66012a509404766 \
    --hash=sha256:3f1122223759acc0fe5301c1ae505d762ee61af91db7b191a791ccdbcd965462 \
    --hash=sha256:41e0120814de5c3a6b58d8cb27cb11b8873ab33fba130cd09855a27f5a12a1ca \
    --hash=sha256:44ace770bda3a0301739fc5a413c764de790c739df1f1a7218dd049f8594d9f5 \
    --hash=sha256:4bedbb379eab34f792af7ee9a05aae04e9c08bbb52e0f90f5a2110d4fe4b2fbd \
    --hash=sha256:558625ff28e415f2f770cad618c2c9e05a045a6586949397f178d537bec2f083 \
    --hash=sha256:5a953115b9f5c95133ab2d04efffeec96e5658c3207923dca7285f7db3e6bbef \
    --hash=sha256:6042b8707a4b25bbbfe20b110258fb7549a68951e5525608a8ce06091039e9fc \
    --hash=sha256:6173558e676ad25ed1e20507fa4024a0d816dd90f715f77006e5a28f19109026 \
    --hash=sha256:61f5782d807b1e6aa5c9beef1054cb2037e7d1add48a64972cd6ee447778781f \
    --hash=sha256:650528e2b1e2a45e95c2df624d4b9364b8ac5a027ba84e1eea2bc5398dd01dcd \
    --hash=sha256:65d78e4357ec48ed2c67825f06740ee3599be4cfe770a6092bed07108d679ac5 \
    --hash=sha256:71ab606c472449cb872ef2a7acaec679ee4f651b7f0a477a04ebc85d8933ef8c \
    --hash=sha256:7311d8ff296806ea41513d52edc832fcf43a1dc8d5c5f308cc386fc31b253a05 \
    --hash=sha256:73960a58f6efc8cbc57d8ad0647955f7c5b25f3d562e3eaa57afa1c69894f7aa \
    --hash=sha256:73c5627497968cc62d140e9fde1ea21e12cac7b64dc419fea8286cd34ff1ad4e \
    --hash=sha256:753bb501f8560d2e321ed3b62596b4496c56f15668b0a0669231ccc3e6c4e80d \
    --hash=sha256:785e2c45f8c08e274b4bf1ccae97f1a4e09407e9a68e80790cfab1d17a4a45fa \
    --hash=sha256:7aacf3cf40c7ce8f9e4924d5b57bc0b068beafdfed2347bcf160a28b4cfbba7b \
    --hash=sha256:7b9638789548361a57d984f56619ac694a914c328181d911271618409261ff4a \
    --hash=sha256:818b3d09bba60ef90463e47a4bc87275dba1e8aeb184d3102888440ca7c7837d \
    --hash=sha256:8367f623a98cbf90f33fd2a43b100671b152b5975bc343a578290945f52f7018 \
    --hash=sha256:836eda971f25ddfce274107ed113297e8acede8d9b267775742b8ba8a404d0f0 \
    --hash=sha256:9029775dc2e25e3e8e596c4306926f0079158353631c7c52c285bbc5c8073c2b \
    --hash=sha256:92325b276360fe86c5bf71a568c0d53a6d140b0de36dcf029f9164a17803bb24 \
    --hash=sha256:9b2d47f5d9060b049039bef0b267e88480f6468f95ee394e514e84a81ccdc5f5 \
    --hash=sha256:9d120009d145697909f2f0c532f2d568558ddd6990707f8cba6576bfb9770696 \
    --hash=sha256:9dcf6448b1ecc37f2b23f2d1b3ddfc9ff6b6910614c15a642dc82f419b96037b \
    --hash=sha256:9e3c36eba80e089ecfa28ec08049723223cb41d3cfe4d9988169cf98440e402b \
    --hash=sha256:a43388f9067678fef6e13bdff325b6cfa6961a590498bb37f7ff31589c83bc75 \
    --hash=sha256:aac5889ea7b0b86cf2bf5709250b7576c44859dd249d1be23c009a7d6fb9f742 \
    --hash=sha256:ae4f9f094041dcce5119ebd7bab71062743ab02b6e654d056b370beda78c19e2 \
    --hash=sha256:af8ca98cd11dc7f9427bb90483abcd9688d4df2e8e63893a30a2423b027ebb11 \
    --hash=sha256:b1872d2dc3f3758dfbf17cc39838b8e6b6a5c39a37811c067245e87b12d50f74 \
    --hash=sha256:b345f818083ec99966a43ca4f7b38feb62c6920ce28572bc2bde4948a8b7eaba \
    --hash=sha256:b823ba1fcec8da730f29316d010b06d3f7e0c3828dcf91020e24c55e7d24652a \
    --hash=sha256:b987d73eba95183a7e59cca6d1925c588aa4307922d9852cc2b4d282a2ae4128 \
    --hash=sha256:bb1063cb794765097b8c0add598bd34a904f44dc15db81275dd1f0ed1ac567ed \
    --hash=sha256:bc2b1c37631f2231dd0d077225aa5908fc2bd34a4c3faf475053b0bc2eb24c95 \
    --hash=sha256:bff12e036b67abc5ded682f724f4d7afaff5223190270a0763695f218c079068 \
    --hash=sha256:c73c6188056e6dc110260e39d141c69c3d02f23e3ba1d8610c7a8b6f2510ec96 \
    --hash=sha256:ccfc29505aa1cdcc254cb9cd701fd0811fef5480addd97d4127a00df023410f7 \
    --hash=sha256:d20972ca134e652e9928ecd200966a8a2857adc2812c1d74b12a872e5cd503eb \
    --hash=sha256:d28e3a6b511a74ce37df5274b51f36c2b274fea7365e00b16f0c81e22acd5957 \
    --hash=sha256:d4569c39bd97d9573e946429ed676f3b55a7c8ed80920addd67d384a47d59b38 \
    --hash=sha256:d479985fe73af97badfb72dc6d20c6a353e486a36f6d065f600026e0cf954a86 \
    --hash=sha256:d63b0226cd3e0d8bdd97c3384b22a21934ed4d53246c1c93575dada616672499 \
    --hash=sha256:dc66390fb12d80585aa9222bf538ce8b7aa22cf5d118250647355a1c9e8f62f4 \
    --hash=sha256:dd2849c269d674e4618590f3b48d443bd4c06b5aef3d8d869086c2e6d213d248 \
    --hash=sha256:e2d4c68729a13df9af4998d2652cfb5d541c5609b88c306880a5dfb284938ec2 \
    --hash=sha256:e9784aca26eddfe99b03a0292320db742cc8a74200ef864fdce949f526f973cd \
    --hash=sha256:eafbec09d3e87d13d8242411d1f5868b5e879f1bd6d95e233e9ff80c527bea1c \
    --hash=sha256:f071737e4e775bebba07e319eb645a880d1e0186b4d24bad23255e849d86d483 \
    --hash=sha256:f076bcd0f77fdcdb7797826c879099573d03a02e228ebe649ea917081b962ac0 \
    --hash=sha256:f09c05a23a8025dd5cad07c2ed299a46778e72d49ff0dd5bf353bcc0f7dc1580 \
    --hash=sha256:f0aaaed00438fa6673d856aaee12a4a8afbde82a9f3c5ff487cacfb064239afe \
    --hash=sha256:f27e6df1576bf838e7f484d4ae5cba92114497ca30afb917056bf1ea33e95675 \
    --hash=sha256:f413629de94d38a7a2ad259697a6752526143cb49c2e2d7bdba19381c80693f6 \
    --hash=sha256:f59a3912858d0609c26054aa1c474847c797937f5e0e1c77f0d3f08032e50f09 \
    --hash=sha256:f8122cfdd0bc0ba843063effa22ac310bdebdb3a1319bf1e63f14baa119c72ab \
    --hash=sha256:fd7f75a2e23288ee82ee965a952473d9c5447c2cbc1afc94be09d2402201774e \
    --hash=sha256:fd81241f4cd76fb18d481e87b9688b30a0cb5c30841730513323ba1c7aba1837
    # via -r requirements.in
iniconfig==2.3.0 \
    --hash=sha256:c76315c77db068650d49c5b56314774a7804df16fee4402c1f19d6d15d8c4730 \
    --hash=sha256:f631c04d2c48c52b84d0d0549c99ff3859c98df65b3101406327ecc7d53fbf12
    # via pytest
packaging==26.3 \
    --hash=sha256:94edc256424af38762eb31306eed28beb9f0efc50a8837492c9d6fd6004aed79 \
    --hash=sha256:d7193f7c8e4e93f444fde0262bf90af30e16fa0ad0ad44cb553c87339b23cd1c
    # via pytest
pluggy==1.6.0 \
    --hash=sha256:7dcc130b76258d33b90f61b658791dede3486c3e6bfb003ee5c9bfb396dd22f3 \
    --hash=sha256:e920276dd6813095e9377c0bc5566d94c932c33b27a3e3945d8389c374dd4746
    # via pytest
pygments==2.21.0 \
    --hash=sha256:2363c69b61c4a97c838da3b130dcd6468f4848992b21a82f2a63ec34377137d9 \
    --hash=sha256:610ca751c9bc2492b38eb9a38a7fbc93edbbb2d7182edaf34e66ae493dee5c8c
    # via pytest
pytest==9.1.1 \
    --hash=sha256:1088fbde8f2b49d95a549a195707afa7a76a3ce9bcadc26b6d71f0ffda5fe313 \
    --hash=sha256:37a86b45efb9a47a61a36449063e8e18d0cab3161329fc099eb21783169c4f0c
    # via -r requirements.in
sortedcontainers==2.4.0 \
    --hash=sha256:25caa5a06cc30b6b83d11423433f65d1f9d76c4c6a0c90e3379eaa43b9bfdb88 \
    --hash=sha256:a163dcaede0f1c021485e957a39245190e74249897e2ae4b2aa38595db237ee0
    # via hypothesis
